Microsoft Visual Studio Solution File, Format Version 12.00
# Visual Studio Version 17
VisualStudioVersion = 17.5.2.0
MinimumVisualStudioVersion = 10.0.40219.1
Project("{FAE04EC0-301F-11D3-BF4B-00C04F79EFBC}") = "fluxograma02", "fluxograma02\fluxograma02.csproj", "{F34101D9-1140-FB26-67D9-1C6FCB466E9A}"
EndProject
Global
	GlobalSection(SolutionConfigurationPlatforms) = preSolution
		Debug|Any CPU = Debug|Any CPU
		Release|Any CPU = Release|Any CPU
	EndGlobalSection
	GlobalSection(ProjectConfigurationPlatforms) = postSolution
		{F34101D9-1140-FB26-67D9-1C6FCB466E9A}.Debug|Any CPU.ActiveCfg = Debug|Any CPU
		{F34101D9-1140-FB26-67D9-1C6FCB466E9A}.Debug|Any CPU.Build.0 = Debug|Any CPU
		{F34101D9-1140-FB26-67D9-1C6FCB466E9A}.Release|Any CPU.ActiveCfg = Release|Any CPU
		{F34101D9-1140-FB26-67D9-1C6FCB466E9A}.Release|Any CPU.Build.0 = Release|Any CPU
	EndGlobalSection
	GlobalSection(SolutionProperties) = preSolution
		HideSolutionNode = FALSE
	EndGlobalSection
	GlobalSection(ExtensibilityGlobals) = postSolution
		SolutionGuid = {E9A48C77-6E66-4587-813B-6B71CEEE9221}
	EndGlobalSection
EndGlobal
